{
  "version": 4,
  "terraform_version": "0.13.5",
  "serial": 13,
  "lineage": "42ac43cf-0716-43c3-4e9d-4a33b9f365da",
  "outputs": {
    "connection_strings": {
      "value": [
        [
          {
            "aws_private_link": {},
            "aws_private_link_srv": {},
            "private": "",
            "private_srv": "",
            "standard": "mongodb://glue-mongodb-demo-clust-shard-00-00.fqunm.mongodb.net:27017,glue-mongodb-demo-clust-shard-00-01.fqunm.mongodb.net:27017,glue-mongodb-demo-clust-shard-00-02.fqunm.mongodb.net:27017/?ssl=true\u0026authSource=admin\u0026replicaSet=atlas-56e63s-shard-0",
            "standard_srv": "mongodb+srv://glue-mongodb-demo-clust.fqunm.mongodb.net"
          }
        ]
      ],
      "type": [
        "tuple",
        [
          [
            "list",
            [
              "object",
              {
                "aws_private_link": [
                  "map",
                  "string"
                ],
                "aws_private_link_srv": [
                  "map",
                  "string"
                ],
                "private": "string",
                "private_srv": "string",
                "standard": "string",
                "standard_srv": "string"
              }
            ]
          ]
        ]
      ]
    }
  },
  "resources": [
    {
      "mode": "managed",
      "type": "mongodbatlas_cluster",
      "name": "my_cluster",
      "provider": "provider[\"registry.terraform.io/mongodb/mongodbatlas\"]",
      "instances": [
        {
          "schema_version": 1,
          "attributes": {
            "advanced_configuration": [
              {
                "fail_index_key_too_long": true,
                "javascript_enabled": true,
                "minimum_enabled_tls_protocol": "TLS1_2",
                "no_table_scan": false,
                "oplog_size_mb": 0,
                "sample_refresh_interval_bi_connector": 0,
                "sample_size_bi_connector": 0
              }
            ],
            "auto_scaling_compute_enabled": false,
            "auto_scaling_compute_scale_down_enabled": false,
            "auto_scaling_disk_gb_enabled": false,
            "backing_provider_name": "",
            "backup_enabled": false,
            "bi_connector": {
              "enabled": "false",
              "read_preference": "secondary"
            },
            "cluster_id": "5fc9aa210b891572badfefd8",
            "cluster_type": "REPLICASET",
            "connection_strings": [
              {
                "aws_private_link": {},
                "aws_private_link_srv": {},
                "private": "",
                "private_srv": "",
                "standard": "mongodb://glue-mongodb-demo-clust-shard-00-00.fqunm.mongodb.net:27017,glue-mongodb-demo-clust-shard-00-01.fqunm.mongodb.net:27017,glue-mongodb-demo-clust-shard-00-02.fqunm.mongodb.net:27017/?ssl=true\u0026authSource=admin\u0026replicaSet=atlas-56e63s-shard-0",
                "standard_srv": "mongodb+srv://glue-mongodb-demo-clust.fqunm.mongodb.net"
              }
            ],
            "container_id": "5fc9aa2153c42e3859fc5b92",
            "disk_size_gb": 20,
            "encryption_at_rest_provider": "NONE",
            "id": "Y2x1c3Rlcl9pZA==:NWZjOWFhMjEwYjg5MTU3MmJhZGZlZmQ4-Y2x1c3Rlcl9uYW1l:Z2x1ZS1tb25nb2RiLWRlbW8tY2x1c3Rlcg==-cHJvamVjdF9pZA==:NWZjOWFhMWNjYjI2MWE1NmFjZDVmZjMx-cHJvdmlkZXJfbmFtZQ==:QVdT",
            "labels": [],
            "mongo_db_major_version": "3.6",
            "mongo_db_version": "3.6.21",
            "mongo_uri": "mongodb://glue-mongodb-demo-clust-shard-00-00.fqunm.mongodb.net:27017,glue-mongodb-demo-clust-shard-00-01.fqunm.mongodb.net:27017,glue-mongodb-demo-clust-shard-00-02.fqunm.mongodb.net:27017",
            "mongo_uri_updated": "2020-12-04T03:25:30Z",
            "mongo_uri_with_options": "mongodb://glue-mongodb-demo-clust-shard-00-00.fqunm.mongodb.net:27017,glue-mongodb-demo-clust-shard-00-01.fqunm.mongodb.net:27017,glue-mongodb-demo-clust-shard-00-02.fqunm.mongodb.net:27017/?ssl=true\u0026authSource=admin\u0026replicaSet=atlas-56e63s-shard-0",
            "name": "glue-mongodb-demo-cluster",
            "num_shards": 1,
            "paused": false,
            "pit_enabled": false,
            "project_id": "5fc9aa1ccb261a56acd5ff31",
            "provider_auto_scaling_compute_max_instance_size": "",
            "provider_auto_scaling_compute_min_instance_size": "",
            "provider_backup_enabled": false,
            "provider_disk_iops": 100,
            "provider_disk_type_name": "",
            "provider_encrypt_ebs_volume": true,
            "provider_instance_size_name": "M20",
            "provider_name": "AWS",
            "provider_region_name": "US_WEST_2",
            "provider_volume_type": "STANDARD",
            "replication_factor": 3,
            "replication_specs": [
              {
                "id": "5fc9aa210b891572badfefd3",
                "num_shards": 1,
                "regions_config": [
                  {
                    "analytics_nodes": 0,
                    "electable_nodes": 3,
                    "priority": 7,
                    "read_only_nodes": 0,
                    "region_name": "US_WEST_2"
                  }
                ],
                "zone_name": "Zone 1"
              }
            ],
            "snapshot_backup_policy": [],
            "srv_address": "mongodb+srv://glue-mongodb-demo-clust.fqunm.mongodb.net",
            "state_name": "IDLE"
          },
          "private": "eyJzY2hlbWFfdmVyc2lvbiI6IjEifQ==",
          "dependencies": [
            "mongodbatlas_project.glue_mongodb_demo_pj"
          ]
        }
      ]
    },
    {
      "mode": "managed",
      "type": "mongodbatlas_database_user",
      "name": "demo_user",
      "provider": "provider[\"registry.terraform.io/mongodb/mongodbatlas\"]",
      "instances": [
        {
          "schema_version": 0,
          "attributes": {
            "auth_database_name": "admin",
            "aws_iam_type": "NONE",
            "database_name": null,
            "id": "YXV0aF9kYXRhYmFzZV9uYW1l:YWRtaW4=-cHJvamVjdF9pZA==:NWZjOWFhMWNjYjI2MWE1NmFjZDVmZjMx-dXNlcm5hbWU=:Z2x1ZWRlbW8=",
            "labels": [],
            "password": "glueSparkETL",
            "project_id": "5fc9aa1ccb261a56acd5ff31",
            "roles": [
              {
                "collection_name": "",
                "database_name": "admin",
                "role_name": "atlasAdmin"
              }
            ],
            "scopes": [],
            "username": "gluedemo",
            "x509_type": "NONE"
          },
          "private": "bnVsbA==",
          "dependencies": [
            "mongodbatlas_project.glue_mongodb_demo_pj"
          ]
        }
      ]
    },
    {
      "mode": "managed",
      "type": "mongodbatlas_network_container",
      "name": "awsvpcpeeringcontainer",
      "provider": "provider[\"registry.terraform.io/mongodb/mongodbatlas\"]",
      "instances": [
        {
          "schema_version": 0,
          "attributes": {
            "atlas_cidr_block": "172.16.100.0/24",
            "azure_subscription_id": "",
            "container_id": "5fc9aa2153c42e3859fc5b92",
            "gcp_project_id": "",
            "id": "Y29udGFpbmVyX2lk:NWZjOWFhMjE1M2M0MmUzODU5ZmM1Yjky-cHJvamVjdF9pZA==:NWZjOWFhMWNjYjI2MWE1NmFjZDVmZjMx",
            "network_name": "",
            "project_id": "5fc9aa1ccb261a56acd5ff31",
            "provider_name": "AWS",
            "provisioned": true,
            "region": "",
            "region_name": "US_WEST_2",
            "vnet_name": "",
            "vpc_id": "vpc-06f84ac2e5b73590d"
          }
        }
      ]
    },
    {
      "mode": "managed",
      "type": "mongodbatlas_network_peering",
      "name": "awsvpcpeering",
      "provider": "provider[\"registry.terraform.io/mongodb/mongodbatlas\"]",
      "instances": [
        {
          "schema_version": 0,
          "attributes": {
            "accepter_region_name": "us-west-2",
            "atlas_cidr_block": "172.16.0.0/12",
            "atlas_gcp_project_id": "",
            "atlas_id": "5fcf04247f63854c3cb2e15a",
            "atlas_vpc_name": "",
            "aws_account_id": "949970762186",
            "azure_directory_id": "",
            "azure_subscription_id": "",
            "connection_id": "pcx-0dba8a8902b3d7a3c",
            "container_id": "5fc9aa2153c42e3859fc5b92",
            "error_message": "",
            "error_state": "",
            "error_state_name": "",
            "gcp_project_id": "",
            "id": "cGVlcl9pZA==:NWZjZjA0MjQ3ZjYzODU0YzNjYjJlMTVh-cHJvamVjdF9pZA==:NWZjOWFhMWNjYjI2MWE1NmFjZDVmZjMx-cHJvdmlkZXJfbmFtZQ==:QVdT",
            "network_name": "",
            "peer_id": "5fcf04247f63854c3cb2e15a",
            "project_id": "5fc9aa1ccb261a56acd5ff31",
            "provider_name": "AWS",
            "resource_group_name": "",
            "route_table_cidr_block": "10.0.0.0/16",
            "status": "",
            "status_name": "PENDING_ACCEPTANCE",
            "vnet_name": "",
            "vpc_id": "vpc-093b3c084915a5621"
          },
          "private": "bnVsbA==",
          "dependencies": [
            "mongodbatlas_cluster.my_cluster",
            "mongodbatlas_project.glue_mongodb_demo_pj"
          ]
        }
      ]
    },
    {
      "mode": "managed",
      "type": "mongodbatlas_project",
      "name": "glue_mongodb_demo_pj",
      "provider": "provider[\"registry.terraform.io/mongodb/mongodbatlas\"]",
      "instances": [
        {
          "schema_version": 0,
          "attributes": {
            "cluster_count": 1,
            "created": "2020-12-04T03:16:47Z",
            "id": "5fc9aa1ccb261a56acd5ff31",
            "name": "glue-mongodb-demo-pj",
            "org_id": "5f314280c100c11bda294b31",
            "teams": []
          },
          "private": "bnVsbA=="
        }
      ]
    },
    {
      "mode": "managed",
      "type": "mongodbatlas_project_ip_whitelist",
      "name": "my_ipaddress",
      "provider": "provider[\"registry.terraform.io/mongodb/mongodbatlas\"]",
      "instances": [
        {
          "schema_version": 0,
          "attributes": {
            "aws_security_group": "",
            "cidr_block": "27.0.3.145/32",
            "comment": "My IP Address",
            "id": "ZW50cnk=:MjcuMC4zLjE0NQ==-cHJvamVjdF9pZA==:NWZjOWFhMWNjYjI2MWE1NmFjZDVmZjMx",
            "ip_address": "27.0.3.145",
            "project_id": "5fc9aa1ccb261a56acd5ff31",
            "timeouts": null
          },
          "private": "eyJlMmJmYjczMC1lY2FhLTExZTYtOGY4OC0zNDM2M2JjN2M0YzAiOnsiZGVsZXRlIjoyNzAwMDAwMDAwMDAwLCJyZWFkIjoyNzAwMDAwMDAwMDAwfX0=",
          "dependencies": [
            "mongodbatlas_project.glue_mongodb_demo_pj"
          ]
        }
      ]
    },
    {
      "mode": "managed",
      "type": "mongodbatlas_project_ip_whitelist",
      "name": "vpc_cidr",
      "provider": "provider[\"registry.terraform.io/mongodb/mongodbatlas\"]",
      "instances": [
        {
          "schema_version": 0,
          "attributes": {
            "aws_security_group": "",
            "cidr_block": "10.0.0.0/16",
            "comment": "VPC CIDR Block",
            "id": "ZW50cnk=:MTAuMC4wLjAvMTY=-cHJvamVjdF9pZA==:NWZjOWFhMWNjYjI2MWE1NmFjZDVmZjMx",
            "ip_address": "",
            "project_id": "5fc9aa1ccb261a56acd5ff31",
            "timeouts": null
          },
          "private": "eyJlMmJmYjczMC1lY2FhLTExZTYtOGY4OC0zNDM2M2JjN2M0YzAiOnsiZGVsZXRlIjoyNzAwMDAwMDAwMDAwLCJyZWFkIjoyNzAwMDAwMDAwMDAwfX0=",
          "dependencies": [
            "mongodbatlas_project.glue_mongodb_demo_pj"
          ]
        }
      ]
    }
  ]
}
